// !$*UTF8*$!
{
	archiveVersion = 1;
	classes = {
	};
	objectVersion = 56;
	objects = {

/* Begin PBXBuildFile section */
		A10001 /* App.swift in Sources */ = {isa = PBXBuildFile; fileRef = B10001; };
		A10002 /* LogLevel.swift in Sources */ = {isa = PBXBuildFile; fileRef = B10002; };
		A10003 /* LogLine.swift in Sources */ = {isa = PBXBuildFile; fileRef = B10003; };
		A10004 /* LogParser.swift in Sources */ = {isa = PBXBuildFile; fileRef = B10004; };
		A10005 /* LogDocument.swift in Sources */ = {isa = PBXBuildFile; fileRef = B10005; };
		A10006 /* ContentView.swift in Sources */ = {isa = PBXBuildFile; fileRef = B10006; };
		A10007 /* LogLinesView.swift in Sources */ = {isa = PBXBuildFile; fileRef = B10007; };
		A10008 /* FilterSidebar.swift in Sources */ = {isa = PBXBuildFile; fileRef = B10008; };
		A10009 /* StatsView.swift in Sources */ = {isa = PBXBuildFile; fileRef = B10009; };
		A1000A /* MethodTimingView.swift in Sources */ = {isa = PBXBuildFile; fileRef = B1000A; };
		A1000B /* LineDetailView.swift in Sources */ = {isa = PBXBuildFile; fileRef = B1000B; };
		A1000C /* ColorTheme.swift in Sources */ = {isa = PBXBuildFile; fileRef = B1000C; };
		A1000D /* Assets.xcassets in Resources */ = {isa = PBXBuildFile; fileRef = B1000D; };
/* End PBXBuildFile section */

/* Begin PBXFileReference section */
		C10001 /* Logram.app */ = {isa = PBXFileReference; explicitFileType = wrapper.application; includeInIndex = 0; path = Logram.app; sourceTree = BUILT_PRODUCTS_DIR; };
		B10001 /* App.swift */ = {isa = PBXFileReference; lastKnownFileType = sourcecode.swift; path = App.swift; sourceTree = "<group>"; };
		B10002 /* LogLevel.swift */ = {isa = PBXFileReference; lastKnownFileType = sourcecode.swift; path = LogLevel.swift; sourceTree = "<group>"; };
		B10003 /* LogLine.swift */ = {isa = PBXFileReference; lastKnownFileType = sourcecode.swift; path = LogLine.swift; sourceTree = "<group>"; };
		B10004 /* LogParser.swift */ = {isa = PBXFileReference; lastKnownFileType = sourcecode.swift; path = LogParser.swift; sourceTree = "<group>"; };
		B10005 /* LogDocument.swift */ = {isa = PBXFileReference; lastKnownFileType = sourcecode.swift; path = LogDocument.swift; sourceTree = "<group>"; };
		B10006 /* ContentView.swift */ = {isa = PBXFileReference; lastKnownFileType = sourcecode.swift; path = ContentView.swift; sourceTree = "<group>"; };
		B10007 /* LogLinesView.swift */ = {isa = PBXFileReference; lastKnownFileType = sourcecode.swift; path = LogLinesView.swift; sourceTree = "<group>"; };
		B10008 /* FilterSidebar.swift */ = {isa = PBXFileReference; lastKnownFileType = sourcecode.swift; path = FilterSidebar.swift; sourceTree = "<group>"; };
		B10009 /* StatsView.swift */ = {isa = PBXFileReference; lastKnownFileType = sourcecode.swift; path = StatsView.swift; sourceTree = "<group>"; };
		B1000A /* MethodTimingView.swift */ = {isa = PBXFileReference; lastKnownFileType = sourcecode.swift; path = MethodTimingView.swift; sourceTree = "<group>"; };
		B1000B /* LineDetailView.swift */ = {isa = PBXFileReference; lastKnownFileType = sourcecode.swift; path = LineDetailView.swift; sourceTree = "<group>"; };
		B1000C /* ColorTheme.swift */ = {isa = PBXFileReference; lastKnownFileType = sourcecode.swift; path = ColorTheme.swift; sourceTree = "<group>"; };
		B1000D /* Assets.xcassets */ = {isa = PBXFileReference; lastKnownFileType = folder.assetcatalog; path = Assets.xcassets; sourceTree = "<group>"; };
		B1000E /* Info.plist */ = {isa = PBXFileReference; lastKnownFileType = text.plist.xml; path = Info.plist; sourceTree = "<group>"; };
/* End PBXFileReference section */

/* Begin PBXFrameworksBuildPhase section */
		D10001 /* Frameworks */ = {
			isa = PBXFrameworksBuildPhase;
			buildActionMask = 2147483647;
			files = (
			);
			runOnlyForDeploymentPostprocessing = 0;
		};
/* End PBXFrameworksBuildPhase section */

/* Begin PBXGroup section */
		E10001 = {
			isa = PBXGroup;
			children = (
				E10002 /* Logram */,
				E10005 /* Products */,
			);
			sourceTree = "<group>";
		};
		E10002 /* Logram */ = {
			isa = PBXGroup;
			children = (
				B10001 /* App.swift */,
				E10003 /* Models */,
				E10004 /* Views */,
				B1000D /* Assets.xcassets */,
				B1000E /* Info.plist */,
			);
			path = Logram;
			sourceTree = "<group>";
		};
		E10003 /* Models */ = {
			isa = PBXGroup;
			children = (
				B10002 /* LogLevel.swift */,
				B10003 /* LogLine.swift */,
				B10004 /* LogParser.swift */,
				B10005 /* LogDocument.swift */,
				B1000C /* ColorTheme.swift */,
			);
			path = Models;
			sourceTree = "<group>";
		};
		E10004 /* Views */ = {
			isa = PBXGroup;
			children = (
				B10006 /* ContentView.swift */,
				B10007 /* LogLinesView.swift */,
				B10008 /* FilterSidebar.swift */,
				B10009 /* StatsView.swift */,
				B1000A /* MethodTimingView.swift */,
				B1000B /* LineDetailView.swift */,
			);
			path = Views;
			sourceTree = "<group>";
		};
		E10005 /* Products */ = {
			isa = PBXGroup;
			children = (
				C10001 /* Logram.app */,
			);
			name = Products;
			sourceTree = "<group>";
		};
/* End PBXGroup section */

/* Begin PBXNativeTarget section */
		F10001 /* Logram */ = {
			isa = PBXNativeTarget;
			buildConfigurationList = G10003 /* Build configuration list for PBXNativeTarget "Logram" */;
			buildPhases = (
				F10002 /* Sources */,
				D10001 /* Frameworks */,
				F10004 /* Resources */,
			);
			buildRules = (
			);
			dependencies = (
			);
			name = Logram;
			productName = Logram;
			productReference = C10001 /* Logram.app */;
			productType = "com.apple.product-type.application";
		};
/* End PBXNativeTarget section */

/* Begin PBXProject section */
		F10003 /* Project object */ = {
			isa = PBXProject;
			attributes = {
				BuildIndependentTargetsInParallel = 1;
				LastSwiftUpdateCheck = 1540;
				LastUpgradeCheck = 1540;
			};
			buildConfigurationList = G10001 /* Build configuration list for PBXProject "Logram" */;
			compatibilityVersion = "Xcode 14.0";
			developmentRegion = en;
			hasScannedForEncodings = 0;
			knownRegions = (
				en,
				Base,
			);
			mainGroup = E10001;
			productRefGroup = E10005 /* Products */;
			projectDirPath = "";
			projectRoot = "";
			targets = (
				F10001 /* Logram */,
			);
		};
/* End PBXProject section */

/* Begin PBXSourcesBuildPhase section */
		F10002 /* Sources */ = {
			isa = PBXSourcesBuildPhase;
			buildActionMask = 2147483647;
			files = (
				A10001 /* App.swift in Sources */,
				A10002 /* LogLevel.swift in Sources */,
				A10003 /* LogLine.swift in Sources */,
				A10004 /* LogParser.swift in Sources */,
				A10005 /* LogDocument.swift in Sources */,
				A10006 /* ContentView.swift in Sources */,
				A10007 /* LogLinesView.swift in Sources */,
				A10008 /* FilterSidebar.swift in Sources */,
				A10009 /* StatsView.swift in Sources */,
				A1000A /* MethodTimingView.swift in Sources */,
				A1000B /* LineDetailView.swift in Sources */,
				A1000C /* ColorTheme.swift in Sources */,
			);
			runOnlyForDeploymentPostprocessing = 0;
		};
/* End PBXSourcesBuildPhase section */

/* Begin PBXResourcesBuildPhase section */
		F10004 /* Resources */ = {
			isa = PBXResourcesBuildPhase;
			buildActionMask = 2147483647;
			files = (
				A1000D /* Assets.xcassets in Resources */,
			);
			runOnlyForDeploymentPostprocessing = 0;
		};
/* End PBXResourcesBuildPhase section */

/* Begin XCBuildConfiguration section */
		G10004 /* Debug */ = {
			isa = XCBuildConfiguration;
			buildSettings = {
				ALWAYS_SEARCH_USER_PATHS = NO;
				ASSETCATALOG_COMPILER_GENERATE_SWIFT_ASSET_SYMBOL_EXTENSIONS = YES;
				CLANG_ANALYZER_NONNULL = YES;
				CLANG_CXX_LANGUAGE_STANDARD = "gnu++20";
				CLANG_ENABLE_MODULES = YES;
				CLANG_ENABLE_OBJC_ARC = YES;
				COPY_PHASE_STRIP = NO;
				DEBUG_INFORMATION_FORMAT = dwarf;
				ENABLE_STRICT_OBJC_MSGSEND = YES;
				ENABLE_TESTABILITY = YES;
				GCC_DYNAMIC_NO_PIC = NO;
				GCC_OPTIMIZATION_LEVEL = 0;
				GCC_PREPROCESSOR_DEFINITIONS = (
					"DEBUG=1",
					"$(inherited)",
				);
				GCC_WARN_64_TO_32_BIT_CONVERSION = YES;
				GCC_WARN_ABOUT_RETURN_TYPE = YES_ERROR;
				GCC_WARN_UNINITIALIZED_AUTOS = YES_AGGRESSIVE;
				GCC_WARN_UNUSED_FUNCTION = YES;
				GCC_WARN_UNUSED_VARIABLE = YES;
				MACOSX_DEPLOYMENT_TARGET = 14.0;
				MTL_ENABLE_DEBUG_INFO = INCLUDE_SOURCE;
				MTL_FAST_MATH = YES;
				ONLY_ACTIVE_ARCH = YES;
				SDKROOT = macosx;
				SWIFT_ACTIVE_COMPILATION_CONDITIONS = "DEBUG $(inherited)";
				SWIFT_OPTIMIZATION_LEVEL = "-Onone";
			};
			name = Debug;
		};
		G10005 /* Release */ = {
			isa = XCBuildConfiguration;
			buildSettings = {
				ALWAYS_SEARCH_USER_PATHS = NO;
				ASSETCATALOG_COMPILER_GENERATE_SWIFT_ASSET_SYMBOL_EXTENSIONS = YES;
				CLANG_ANALYZER_NONNULL = YES;
				CLANG_CXX_LANGUAGE_STANDARD = "gnu++20";
				CLANG_ENABLE_MODULES = YES;
				CLANG_ENABLE_OBJC_ARC = YES;
				COPY_PHASE_STRIP = NO;
				DEBUG_INFORMATION_FORMAT = "dwarf-with-dsym";
				ENABLE_NS_ASSERTIONS = NO;
				ENABLE_STRICT_OBJC_MSGSEND = YES;
				GCC_WARN_64_TO_32_BIT_CONVERSION = YES;
				GCC_WARN_ABOUT_RETURN_TYPE = YES_ERROR;
				GCC_WARN_UNINITIALIZED_AUTOS = YES_AGGRESSIVE;
				GCC_WARN_UNUSED_FUNCTION = YES;
				GCC_WARN_UNUSED_VARIABLE = YES;
				MACOSX_DEPLOYMENT_TARGET = 14.0;
				MTL_FAST_MATH = YES;
				SDKROOT = macosx;
				SWIFT_COMPILATION_MODE = wholemodule;
			};
			name = Release;
		};
		G10006 /* Debug */ = {
			isa = XCBuildConfiguration;
			buildSettings = {
				ASSETCATALOG_COMPILER_APPICON_NAME = AppIcon;
				CODE_SIGN_ENTITLEMENTS = "";
				"CODE_SIGN_IDENTITY[sdk=macosx*]" = "-";
				CODE_SIGN_STYLE = Automatic;
				COMBINE_HIDPI_IMAGES = YES;
				CURRENT_PROJECT_VERSION = 1;
				ENABLE_PREVIEWS = YES;
				GENERATE_INFOPLIST_FILE = YES;
				INFOPLIST_FILE = Logram/Info.plist;
				INFOPLIST_KEY_LSApplicationCategoryType = "public.app-category.developer-tools";
				INFOPLIST_KEY_NSHumanReadableCopyright = "";
				LD_RUNPATH_SEARCH_PATHS = (
					"$(inherited)",
					"@executable_path/../Frameworks",
				);
				MARKETING_VERSION = 1.0;
				PRODUCT_BUNDLE_IDENTIFIER = com.unitybase.Logram;
				PRODUCT_NAME = "$(TARGET_NAME)";
				SWIFT_EMIT_LOC_STRINGS = YES;
				SWIFT_VERSION = 5.0;
			};
			name = Debug;
		};
		G10007 /* Release */ = {
			isa = XCBuildConfiguration;
			buildSettings = {
				ASSETCATALOG_COMPILER_APPICON_NAME = AppIcon;
				CODE_SIGN_ENTITLEMENTS = "";
				"CODE_SIGN_IDENTITY[sdk=macosx*]" = "-";
				CODE_SIGN_STYLE = Automatic;
				COMBINE_HIDPI_IMAGES = YES;
				CURRENT_PROJECT_VERSION = 1;
				ENABLE_PREVIEWS = YES;
				GENERATE_INFOPLIST_FILE = YES;
				INFOPLIST_FILE = Logram/Info.plist;
				INFOPLIST_KEY_LSApplicationCategoryType = "public.app-category.developer-tools";
				INFOPLIST_KEY_NSHumanReadableCopyright = "";
				LD_RUNPATH_SEARCH_PATHS = (
					"$(inherited)",
					"@executable_path/../Frameworks",
				);
				MARKETING_VERSION = 1.0;
				PRODUCT_BUNDLE_IDENTIFIER = com.unitybase.Logram;
				PRODUCT_NAME = "$(TARGET_NAME)";
				SWIFT_EMIT_LOC_STRINGS = YES;
				SWIFT_VERSION = 5.0;
			};
			name = Release;
		};
/* End XCBuildConfiguration section */

/* Begin XCConfigurationList section */
		G10001 /* Build configuration list for PBXProject "Logram" */ = {
			isa = XCConfigurationList;
			buildConfigurations = (
				G10004 /* Debug */,
				G10005 /* Release */,
			);
			defaultConfigurationIsVisible = 0;
			defaultConfigurationName = Release;
		};
		G10003 /* Build configuration list for PBXNativeTarget "Logram" */ = {
			isa = XCConfigurationList;
			buildConfigurations = (
				G10006 /* Debug */,
				G10007 /* Release */,
			);
			defaultConfigurationIsVisible = 0;
			defaultConfigurationName = Release;
		};
/* End XCConfigurationList section */

	};
	rootObject = F10003 /* Project object */;
}